
Microsoft Visual Studio Solution File, Format Version 12.00
# Visual Studio Version 16
VisualStudioVersion = 25.0.1703.5
MinimumVisualStudioVersion = 10.0.40219.1
Project("{FAE04EC0-301F-11D3-BF4B-00C04F79EFBC}") = "M03-02", "M03-02.csproj", "{BF22C566-E9EE-4291-B153-2320012F26DC}"
EndProject
Global
	GlobalSection(SolutionConfigurationPlatforms) = preSolution
		Debug|Any CPU = Debug|Any CPU
		Release|Any CPU = Release|Any CPU
	EndGlobalSection
	GlobalSection(ProjectConfigurationPlatforms) = postSolution
		{BF22C566-E9EE-4291-B153-2320012F26DC}.Debug|Any CPU.ActiveCfg = Debug|Any CPU
		{BF22C566-E9EE-4291-B153-2320012F26DC}.Debug|Any CPU.Build.0 = Debug|Any CPU
		{BF22C566-E9EE-4291-B153-2320012F26DC}.Release|Any CPU.ActiveCfg = Release|Any CPU
		{BF22C566-E9EE-4291-B153-2320012F26DC}.Release|Any CPU.Build.0 = Release|Any CPU
	EndGlobalSection
	GlobalSection(SolutionProperties) = preSolution
		HideSolutionNode = FALSE
	EndGlobalSection
	GlobalSection(ExtensibilityGlobals) = postSolution
		SolutionGuid = {D5C39467-9049-49C1-9BD8-928492BF8058}
	EndGlobalSection
EndGlobal
